
Microsoft Visual Studio Solution File, Format Version 12.00
# Visual Studio Version 16
VisualStudioVersion = 16.0.31205.134
MinimumVisualStudioVersion = 10.0.40219.1
Project("{FAE04EC0-301F-11D3-BF4B-00C04F79EFBC}") = "RSystem.API", "RSystem.API.csproj", "{7B271419-18EC-4A62-9893-0D27D151646D}"
EndProject
Project("{FAE04EC0-301F-11D3-BF4B-00C04F79EFBC}") = "RSystem.Model", "..\RSystem.Model\RSystem.Model.csproj", "{A85A5C67-525F-42D6-9106-4C0B48057FEB}"
EndProject
Project("{FAE04EC0-301F-11D3-BF4B-00C04F79EFBC}") = "RSystem.Data", "..\RSystem.Data\RSystem.Data.csproj", "{B551909E-06D8-4DDA-8CB1-CBC00BCF5DE1}"
EndProject
Project("{FAE04EC0-301F-11D3-BF4B-00C04F79EFBC}") = "RSystem.Common", "..\RSystem.Common\RSystem.Common.csproj", "{64653E03-02CF-4CAA-8E6C-BB88F1CBD7FE}"
EndProject
Project("{FAE04EC0-301F-11D3-BF4B-00C04F79EFBC}") = "RSystem.UnitTest", "..\RSystem.UnitTest\RSystem.UnitTest.csproj", "{69F6808A-E43D-4BA4-A4AC-761142AA33E8}"
EndProject
Global
	GlobalSection(SolutionConfigurationPlatforms) = preSolution
		Debug|Any CPU = Debug|Any CPU
		Release|Any CPU = Release|Any CPU
	EndGlobalSection
	GlobalSection(ProjectConfigurationPlatforms) = postSolution
		{7B271419-18EC-4A62-9893-0D27D151646D}.Debug|Any CPU.ActiveCfg = Debug|Any CPU
		{7B271419-18EC-4A62-9893-0D27D151646D}.Debug|Any CPU.Build.0 = Debug|Any CPU
		{7B271419-18EC-4A62-9893-0D27D151646D}.Release|Any CPU.ActiveCfg = Release|Any CPU
		{7B271419-18EC-4A62-9893-0D27D151646D}.Release|Any CPU.Build.0 = Release|Any CPU
		{A85A5C67-525F-42D6-9106-4C0B48057FEB}.Debug|Any CPU.ActiveCfg = Debug|Any CPU
		{A85A5C67-525F-42D6-9106-4C0B48057FEB}.Debug|Any CPU.Build.0 = Debug|Any CPU
		{A85A5C67-525F-42D6-9106-4C0B48057FEB}.Release|Any CPU.ActiveCfg = Release|Any CPU
		{A85A5C67-525F-42D6-9106-4C0B48057FEB}.Release|Any CPU.Build.0 = Release|Any CPU
		{B551909E-06D8-4DDA-8CB1-CBC00BCF5DE1}.Debug|Any CPU.ActiveCfg = Debug|Any CPU
		{B551909E-06D8-4DDA-8CB1-CBC00BCF5DE1}.Debug|Any CPU.Build.0 = Debug|Any CPU
		{B551909E-06D8-4DDA-8CB1-CBC00BCF5DE1}.Release|Any CPU.ActiveCfg = Release|Any CPU
		{B551909E-06D8-4DDA-8CB1-CBC00BCF5DE1}.Release|Any CPU.Build.0 = Release|Any CPU
		{64653E03-02CF-4CAA-8E6C-BB88F1CBD7FE}.Debug|Any CPU.ActiveCfg = Debug|Any CPU
		{64653E03-02CF-4CAA-8E6C-BB88F1CBD7FE}.Debug|Any CPU.Build.0 = Debug|Any CPU
		{64653E03-02CF-4CAA-8E6C-BB88F1CBD7FE}.Release|Any CPU.ActiveCfg = Release|Any CPU
		{64653E03-02CF-4CAA-8E6C-BB88F1CBD7FE}.Release|Any CPU.Build.0 = Release|Any CPU
		{69F6808A-E43D-4BA4-A4AC-761142AA33E8}.Debug|Any CPU.ActiveCfg = Debug|Any CPU
		{69F6808A-E43D-4BA4-A4AC-761142AA33E8}.Debug|Any CPU.Build.0 = Debug|Any CPU
		{69F6808A-E43D-4BA4-A4AC-761142AA33E8}.Release|Any CPU.ActiveCfg = Release|Any CPU
		{69F6808A-E43D-4BA4-A4AC-761142AA33E8}.Release|Any CPU.Build.0 = Release|Any CPU
	EndGlobalSection
	GlobalSection(SolutionProperties) = preSolution
		HideSolutionNode = FALSE
	EndGlobalSection
	GlobalSection(ExtensibilityGlobals) = postSolution
		SolutionGuid = {9C2397B6-0FB4-490E-A8BC-0417094F1F2A}
	EndGlobalSection
EndGlobal
